{
    "_meta": {
        "hash": {
            "sha256": "bf3ae053b6eaef6b7ba7d2ffc0d0dc99127c7c4bf1e51397f8c7d3e0db18f647"
        },
        "pipfile-spec": 6,
        "requires": {
            "python_full_version": "3.12.7",
            "python_version": "3.12"
        },
        "sources": [
            {
                "name": "pypi",
                "url": "https://pypi.org/simple",
                "verify_ssl": true
            }
        ]
    },
    "default": {
        "configobj": {
            "hashes": [
                "sha256:03c881bbf23aa07bccf1b837005975993c4ab4427ba57f959afdd9d1a2386848",
                "sha256:1ba10c5b6ee16229c79a05047aeda2b55eb4e80d7c7d8ecf17ec1ca600c79882"
            ],
            "index": "pypi",
            "markers": "python_version >= '3.7'",
            "version": "==5.0.9"
        },
        "loguru": {
            "hashes": [
                "sha256:003d71e3d3ed35f0f8984898359d65b79e5b21943f78af86aa5491210429b8eb",
                "sha256:e671a53522515f34fd406340ee968cb9ecafbc4b36c679da03c18fd8d0bd51ac"
            ],
            "index": "pypi",
            "markers": "python_version >= '3.5'",
            "version": "==0.7.2"
        }
    },
    "develop": {}
}
